PODS:
  - ChameleonFramework/Default (2.0.6)
  - ChameleonFramework/Swift (2.0.6):
    - ChameleonFramework/Default
  - SlideMenuControllerSwift (2.0.5)
  - SWTableViewCell (0.3.7)

DEPENDENCIES:
  - ChameleonFramework/Swift
  - SlideMenuControllerSwift
  - SWTableViewCell

SPEC CHECKSUMS:
  ChameleonFramework: a6b466873ff9a4ce3a5196c20bccf1a97ad9f446
  SlideMenuControllerSwift: 9dcae36265e14c4f42e729f212463beb60d2cf96
  SWTableViewCell: 2a94aadc9d47b2b611fa064566bf57948b95b579

COCOAPODS: 0.39.0
